
Microsoft Visual Studio Solution File, Format Version 12.00
# Visual Studio 15
VisualStudioVersion = 15.0.27703.2035
MinimumVisualStudioVersion = 10.0.40219.1
Project("{FAE04EC0-301F-11D3-BF4B-00C04F79EFBC}") = "SingleResponsibilityPrinciple", "DesignPatterns\SingleResponsibilityPrinciple.csproj", "{76363950-8458-4BE7-B238-BF20D9C99EE6}"
EndProject
Project("{FAE04EC0-301F-11D3-BF4B-00C04F79EFBC}") = "OpenClosedPrinciple", "OpenClosedPrincipal\OpenClosedPrinciple.csproj", "{A37E7CD3-91BF-4574-A8CB-A31D926DCA34}"
EndProject
Project("{FAE04EC0-301F-11D3-BF4B-00C04F79EFBC}") = "LiskovSubstitutionPrinciple", "LiskovSubstitutionPrinciple\LiskovSubstitutionPrinciple.csproj", "{908807A8-6758-475C-AA59-F5E2AF327EFC}"
EndProject
Project("{FAE04EC0-301F-11D3-BF4B-00C04F79EFBC}") = "InterfaceSegregationPrinciple", "InterfaceSegregationPrinciple\InterfaceSegregationPrinciple.csproj", "{F511F6CF-48BE-4B4D-BA33-9EE052126EA1}"
EndProject
Project("{2150E333-8FDC-42A3-9474-1A3956D46DE8}") = "SOLID", "SOLID", "{27B413FB-2136-4EF9-AA93-2E8A4B4BCE68}"
EndProject
Project("{FAE04EC0-301F-11D3-BF4B-00C04F79EFBC}") = "Builder", "Builder\Builder.csproj", "{5DAAA581-3CF6-4F09-83BE-8CC60A2D3744}"
EndProject
Project("{FAE04EC0-301F-11D3-BF4B-00C04F79EFBC}") = "FacetedBuilder", "FacetedBuilder\FacetedBuilder.csproj", "{F7C1F0AD-E80C-4550-8313-C4B81FBFF79A}"
EndProject
Project("{2150E333-8FDC-42A3-9474-1A3956D46DE8}") = "Builders", "Builders", "{7F9345E9-2B86-4332-AFDD-7CDEB77CFD0F}"
EndProject
Global
	GlobalSection(SolutionConfigurationPlatforms) = preSolution
		Debug|Any CPU = Debug|Any CPU
		Release|Any CPU = Release|Any CPU
	EndGlobalSection
	GlobalSection(ProjectConfigurationPlatforms) = postSolution
		{76363950-8458-4BE7-B238-BF20D9C99EE6}.Debug|Any CPU.ActiveCfg = Debug|Any CPU
		{76363950-8458-4BE7-B238-BF20D9C99EE6}.Debug|Any CPU.Build.0 = Debug|Any CPU
		{76363950-8458-4BE7-B238-BF20D9C99EE6}.Release|Any CPU.ActiveCfg = Release|Any CPU
		{76363950-8458-4BE7-B238-BF20D9C99EE6}.Release|Any CPU.Build.0 = Release|Any CPU
		{A37E7CD3-91BF-4574-A8CB-A31D926DCA34}.Debug|Any CPU.ActiveCfg = Debug|Any CPU
		{A37E7CD3-91BF-4574-A8CB-A31D926DCA34}.Debug|Any CPU.Build.0 = Debug|Any CPU
		{A37E7CD3-91BF-4574-A8CB-A31D926DCA34}.Release|Any CPU.ActiveCfg = Release|Any CPU
		{A37E7CD3-91BF-4574-A8CB-A31D926DCA34}.Release|Any CPU.Build.0 = Release|Any CPU
		{908807A8-6758-475C-AA59-F5E2AF327EFC}.Debug|Any CPU.ActiveCfg = Debug|Any CPU
		{908807A8-6758-475C-AA59-F5E2AF327EFC}.Debug|Any CPU.Build.0 = Debug|Any CPU
		{908807A8-6758-475C-AA59-F5E2AF327EFC}.Release|Any CPU.ActiveCfg = Release|Any CPU
		{908807A8-6758-475C-AA59-F5E2AF327EFC}.Release|Any CPU.Build.0 = Release|Any CPU
		{F511F6CF-48BE-4B4D-BA33-9EE052126EA1}.Debug|Any CPU.ActiveCfg = Debug|Any CPU
		{F511F6CF-48BE-4B4D-BA33-9EE052126EA1}.Debug|Any CPU.Build.0 = Debug|Any CPU
		{F511F6CF-48BE-4B4D-BA33-9EE052126EA1}.Release|Any CPU.ActiveCfg = Release|Any CPU
		{F511F6CF-48BE-4B4D-BA33-9EE052126EA1}.Release|Any CPU.Build.0 = Release|Any CPU
		{5DAAA581-3CF6-4F09-83BE-8CC60A2D3744}.Debug|Any CPU.ActiveCfg = Debug|Any CPU
		{5DAAA581-3CF6-4F09-83BE-8CC60A2D3744}.Debug|Any CPU.Build.0 = Debug|Any CPU
		{5DAAA581-3CF6-4F09-83BE-8CC60A2D3744}.Release|Any CPU.ActiveCfg = Release|Any CPU
		{5DAAA581-3CF6-4F09-83BE-8CC60A2D3744}.Release|Any CPU.Build.0 = Release|Any CPU
		{F7C1F0AD-E80C-4550-8313-C4B81FBFF79A}.Debug|Any CPU.ActiveCfg = Debug|Any CPU
		{F7C1F0AD-E80C-4550-8313-C4B81FBFF79A}.Debug|Any CPU.Build.0 = Debug|Any CPU
		{F7C1F0AD-E80C-4550-8313-C4B81FBFF79A}.Release|Any CPU.ActiveCfg = Release|Any CPU
		{F7C1F0AD-E80C-4550-8313-C4B81FBFF79A}.Release|Any CPU.Build.0 = Release|Any CPU
	EndGlobalSection
	GlobalSection(SolutionProperties) = preSolution
		HideSolutionNode = FALSE
	EndGlobalSection
	GlobalSection(NestedProjects) = preSolution
		{76363950-8458-4BE7-B238-BF20D9C99EE6} = {27B413FB-2136-4EF9-AA93-2E8A4B4BCE68}
		{A37E7CD3-91BF-4574-A8CB-A31D926DCA34} = {27B413FB-2136-4EF9-AA93-2E8A4B4BCE68}
		{908807A8-6758-475C-AA59-F5E2AF327EFC} = {27B413FB-2136-4EF9-AA93-2E8A4B4BCE68}
		{F511F6CF-48BE-4B4D-BA33-9EE052126EA1} = {27B413FB-2136-4EF9-AA93-2E8A4B4BCE68}
		{5DAAA581-3CF6-4F09-83BE-8CC60A2D3744} = {7F9345E9-2B86-4332-AFDD-7CDEB77CFD0F}
		{F7C1F0AD-E80C-4550-8313-C4B81FBFF79A} = {7F9345E9-2B86-4332-AFDD-7CDEB77CFD0F}
	EndGlobalSection
	GlobalSection(ExtensibilityGlobals) = postSolution
		SolutionGuid = {836F5991-6787-463B-9AE0-67A7ABCD1618}
	EndGlobalSection
EndGlobal
