
Microsoft Visual Studio Solution File, Format Version 12.00
# Visual Studio 15
VisualStudioVersion = 15.0.27703.2035
MinimumVisualStudioVersion = 10.0.40219.1
Project("{FAE04EC0-301F-11D3-BF4B-00C04F79EFBC}") = "SingleResponsibilityPrinciple", "DesignPatterns\SingleResponsibilityPrinciple.csproj", "{76363950-8458-4BE7-B238-BF20D9C99EE6}"
EndProject
Project("{FAE04EC0-301F-11D3-BF4B-00C04F79EFBC}") = "OpenClosedPrinciple", "OpenClosedPrincipal\OpenClosedPrinciple.csproj", "{A37E7CD3-91BF-4574-A8CB-A31D926DCA34}"
EndProject
Project("{FAE04EC0-301F-11D3-BF4B-00C04F79EFBC}") = "LiskovSubstitutionPrinciple", "LiskovSubstitutionPrinciple\LiskovSubstitutionPrinciple.csproj", "{908807A8-6758-475C-AA59-F5E2AF327EFC}"
EndProject
Project("{FAE04EC0-301F-11D3-BF4B-00C04F79EFBC}") = "InterfaceSegregationPrinciple", "InterfaceSegregationPrinciple\InterfaceSegregationPrinciple.csproj", "{F511F6CF-48BE-4B4D-BA33-9EE052126EA1}"
EndProject
Project("{2150E333-8FDC-42A3-9474-1A3956D46DE8}") = "SOLID", "SOLID", "{27B413FB-2136-4EF9-AA93-2E8A4B4BCE68}"
EndProject
Project("{FAE04EC0-301F-11D3-BF4B-00C04F79EFBC}") = "Builder", "Builder\Builder.csproj", "{5DAAA581-3CF6-4F09-83BE-8CC60A2D3744}"
EndProject
Project("{FAE04EC0-301F-11D3-BF4B-00C04F79EFBC}") = "FacetedBuilder", "FacetedBuilder\FacetedBuilder.csproj", "{F7C1F0AD-E80C-4550-8313-C4B81FBFF79A}"
EndProject
Project("{2150E333-8FDC-42A3-9474-1A3956D46DE8}") = "Builders", "Builders", "{7F9345E9-2B86-4332-AFDD-7CDEB77CFD0F}"
EndProject
Project("{2150E333-8FDC-42A3-9474-1A3956D46DE8}") = "Factories", "Factories", "{9944F4F5-DBC6-49B0-83F0-C548C2367C46}"
EndProject
Project("{FAE04EC0-301F-11D3-BF4B-00C04F79EFBC}") = "AbstractFactory", "AbstractFactory\AbstractFactory.csproj", "{BB239FA6-1C5F-4E1C-85F7-D752FA144557}"
EndProject
Project("{FAE04EC0-301F-11D3-BF4B-00C04F79EFBC}") = "FactoryMethod", "FactoryMethod\FactoryMethod.csproj", "{32B3A2E3-F0DB-442D-A7CF-3D6D4D7355E0}"
EndProject
Project("{FAE04EC0-301F-11D3-BF4B-00C04F79EFBC}") = "Prototype", "Prototype\Prototype.csproj", "{49A1C076-989D-44F5-964E-9BDB5790E670}"
EndProject
Project("{FAE04EC0-301F-11D3-BF4B-00C04F79EFBC}") = "Singleton", "Singleton\Singleton.csproj", "{00BA1C7D-AFF7-4A0A-917E-91122424B1AD}"
EndProject
Project("{FAE04EC0-301F-11D3-BF4B-00C04F79EFBC}") = "Adapter", "Adapter\Adapter.csproj", "{DFCE75E9-3E1C-4029-BCCD-D76641E3F065}"
EndProject
Global
	GlobalSection(SolutionConfigurationPlatforms) = preSolution
		Debug|Any CPU = Debug|Any CPU
		Release|Any CPU = Release|Any CPU
	EndGlobalSection
	GlobalSection(ProjectConfigurationPlatforms) = postSolution
		{76363950-8458-4BE7-B238-BF20D9C99EE6}.Debug|Any CPU.ActiveCfg = Debug|Any CPU
		{76363950-8458-4BE7-B238-BF20D9C99EE6}.Debug|Any CPU.Build.0 = Debug|Any CPU
		{76363950-8458-4BE7-B238-BF20D9C99EE6}.Release|Any CPU.ActiveCfg = Release|Any CPU
		{76363950-8458-4BE7-B238-BF20D9C99EE6}.Release|Any CPU.Build.0 = Release|Any CPU
		{A37E7CD3-91BF-4574-A8CB-A31D926DCA34}.Debug|Any CPU.ActiveCfg = Debug|Any CPU
		{A37E7CD3-91BF-4574-A8CB-A31D926DCA34}.Debug|Any CPU.Build.0 = Debug|Any CPU
		{A37E7CD3-91BF-4574-A8CB-A31D926DCA34}.Release|Any CPU.ActiveCfg = Release|Any CPU
		{A37E7CD3-91BF-4574-A8CB-A31D926DCA34}.Release|Any CPU.Build.0 = Release|Any CPU
		{908807A8-6758-475C-AA59-F5E2AF327EFC}.Debug|Any CPU.ActiveCfg = Debug|Any CPU
		{908807A8-6758-475C-AA59-F5E2AF327EFC}.Debug|Any CPU.Build.0 = Debug|Any CPU
		{908807A8-6758-475C-AA59-F5E2AF327EFC}.Release|Any CPU.ActiveCfg = Release|Any CPU
		{908807A8-6758-475C-AA59-F5E2AF327EFC}.Release|Any CPU.Build.0 = Release|Any CPU
		{F511F6CF-48BE-4B4D-BA33-9EE052126EA1}.Debug|Any CPU.ActiveCfg = Debug|Any CPU
		{F511F6CF-48BE-4B4D-BA33-9EE052126EA1}.Debug|Any CPU.Build.0 = Debug|Any CPU
		{F511F6CF-48BE-4B4D-BA33-9EE052126EA1}.Release|Any CPU.ActiveCfg = Release|Any CPU
		{F511F6CF-48BE-4B4D-BA33-9EE052126EA1}.Release|Any CPU.Build.0 = Release|Any CPU
		{5DAAA581-3CF6-4F09-83BE-8CC60A2D3744}.Debug|Any CPU.ActiveCfg = Debug|Any CPU
		{5DAAA581-3CF6-4F09-83BE-8CC60A2D3744}.Debug|Any CPU.Build.0 = Debug|Any CPU
		{5DAAA581-3CF6-4F09-83BE-8CC60A2D3744}.Release|Any CPU.ActiveCfg = Release|Any CPU
		{5DAAA581-3CF6-4F09-83BE-8CC60A2D3744}.Release|Any CPU.Build.0 = Release|Any CPU
		{F7C1F0AD-E80C-4550-8313-C4B81FBFF79A}.Debug|Any CPU.ActiveCfg = Debug|Any CPU
		{F7C1F0AD-E80C-4550-8313-C4B81FBFF79A}.Debug|Any CPU.Build.0 = Debug|Any CPU
		{F7C1F0AD-E80C-4550-8313-C4B81FBFF79A}.Release|Any CPU.ActiveCfg = Release|Any CPU
		{F7C1F0AD-E80C-4550-8313-C4B81FBFF79A}.Release|Any CPU.Build.0 = Release|Any CPU
		{BB239FA6-1C5F-4E1C-85F7-D752FA144557}.Debug|Any CPU.ActiveCfg = Debug|Any CPU
		{BB239FA6-1C5F-4E1C-85F7-D752FA144557}.Debug|Any CPU.Build.0 = Debug|Any CPU
		{BB239FA6-1C5F-4E1C-85F7-D752FA144557}.Release|Any CPU.ActiveCfg = Release|Any CPU
		{BB239FA6-1C5F-4E1C-85F7-D752FA144557}.Release|Any CPU.Build.0 = Release|Any CPU
		{32B3A2E3-F0DB-442D-A7CF-3D6D4D7355E0}.Debug|Any CPU.ActiveCfg = Debug|Any CPU
		{32B3A2E3-F0DB-442D-A7CF-3D6D4D7355E0}.Debug|Any CPU.Build.0 = Debug|Any CPU
		{32B3A2E3-F0DB-442D-A7CF-3D6D4D7355E0}.Release|Any CPU.ActiveCfg = Release|Any CPU
		{32B3A2E3-F0DB-442D-A7CF-3D6D4D7355E0}.Release|Any CPU.Build.0 = Release|Any CPU
		{49A1C076-989D-44F5-964E-9BDB5790E670}.Debug|Any CPU.ActiveCfg = Debug|Any CPU
		{49A1C076-989D-44F5-964E-9BDB5790E670}.Debug|Any CPU.Build.0 = Debug|Any CPU
		{49A1C076-989D-44F5-964E-9BDB5790E670}.Release|Any CPU.ActiveCfg = Release|Any CPU
		{49A1C076-989D-44F5-964E-9BDB5790E670}.Release|Any CPU.Build.0 = Release|Any CPU
		{00BA1C7D-AFF7-4A0A-917E-91122424B1AD}.Debug|Any CPU.ActiveCfg = Debug|Any CPU
		{00BA1C7D-AFF7-4A0A-917E-91122424B1AD}.Debug|Any CPU.Build.0 = Debug|Any CPU
		{00BA1C7D-AFF7-4A0A-917E-91122424B1AD}.Release|Any CPU.ActiveCfg = Release|Any CPU
		{00BA1C7D-AFF7-4A0A-917E-91122424B1AD}.Release|Any CPU.Build.0 = Release|Any CPU
		{DFCE75E9-3E1C-4029-BCCD-D76641E3F065}.Debug|Any CPU.ActiveCfg = Debug|Any CPU
		{DFCE75E9-3E1C-4029-BCCD-D76641E3F065}.Debug|Any CPU.Build.0 = Debug|Any CPU
		{DFCE75E9-3E1C-4029-BCCD-D76641E3F065}.Release|Any CPU.ActiveCfg = Release|Any CPU
		{DFCE75E9-3E1C-4029-BCCD-D76641E3F065}.Release|Any CPU.Build.0 = Release|Any CPU
	EndGlobalSection
	GlobalSection(SolutionProperties) = preSolution
		HideSolutionNode = FALSE
	EndGlobalSection
	GlobalSection(NestedProjects) = preSolution
		{76363950-8458-4BE7-B238-BF20D9C99EE6} = {27B413FB-2136-4EF9-AA93-2E8A4B4BCE68}
		{A37E7CD3-91BF-4574-A8CB-A31D926DCA34} = {27B413FB-2136-4EF9-AA93-2E8A4B4BCE68}
		{908807A8-6758-475C-AA59-F5E2AF327EFC} = {27B413FB-2136-4EF9-AA93-2E8A4B4BCE68}
		{F511F6CF-48BE-4B4D-BA33-9EE052126EA1} = {27B413FB-2136-4EF9-AA93-2E8A4B4BCE68}
		{5DAAA581-3CF6-4F09-83BE-8CC60A2D3744} = {7F9345E9-2B86-4332-AFDD-7CDEB77CFD0F}
		{F7C1F0AD-E80C-4550-8313-C4B81FBFF79A} = {7F9345E9-2B86-4332-AFDD-7CDEB77CFD0F}
		{BB239FA6-1C5F-4E1C-85F7-D752FA144557} = {9944F4F5-DBC6-49B0-83F0-C548C2367C46}
		{32B3A2E3-F0DB-442D-A7CF-3D6D4D7355E0} = {9944F4F5-DBC6-49B0-83F0-C548C2367C46}
	EndGlobalSection
	GlobalSection(ExtensibilityGlobals) = postSolution
		SolutionGuid = {836F5991-6787-463B-9AE0-67A7ABCD1618}
	EndGlobalSection
EndGlobal
